
Microsoft Visual Studio Solution File, Format Version 12.00
# Visual Studio Version 17
VisualStudioVersion = 17.13.35913.81 d17.13
MinimumVisualStudioVersion = 10.0.40219.1
Project("{FAE04EC0-301F-11D3-BF4B-00C04F79EFBC}") = "CareNest_SePay", "CareNest_SePay\CareNest_SePay.csproj", "{0B02AFF0-48CE-4365-9C7F-A4025FD41631}"
EndProject
Project("{FAE04EC0-301F-11D3-BF4B-00C04F79EFBC}") = "CareNest_SePay.Application", "CareNest_SePay.Application\CareNest_SePay.Application.csproj", "{107815E1-AECB-4C44-B438-D7B69F29C6A7}"
EndProject
Project("{FAE04EC0-301F-11D3-BF4B-00C04F79EFBC}") = "CareNest_SePay.Domain", "CareNest_SePay.Domain\CareNest_SePay.Domain.csproj", "{F892476A-EAF5-414F-97C1-8139BA054B18}"
EndProject
Project("{FAE04EC0-301F-11D3-BF4B-00C04F79EFBC}") = "CareNest_SePay.Infrastructure", "CareNest_SePay.Infrastructure\CareNest_SePay.Infrastructure.csproj", "{D2188A94-8661-4407-9B83-A6D5513DF502}"
EndProject
Global
	GlobalSection(SolutionConfigurationPlatforms) = preSolution
		Debug|Any CPU = Debug|Any CPU
		Release|Any CPU = Release|Any CPU
	EndGlobalSection
	GlobalSection(ProjectConfigurationPlatforms) = postSolution
		{0B02AFF0-48CE-4365-9C7F-A4025FD41631}.Debug|Any CPU.ActiveCfg = Debug|Any CPU
		{0B02AFF0-48CE-4365-9C7F-A4025FD41631}.Debug|Any CPU.Build.0 = Debug|Any CPU
		{0B02AFF0-48CE-4365-9C7F-A4025FD41631}.Release|Any CPU.ActiveCfg = Release|Any CPU
		{0B02AFF0-48CE-4365-9C7F-A4025FD41631}.Release|Any CPU.Build.0 = Release|Any CPU
		{107815E1-AECB-4C44-B438-D7B69F29C6A7}.Debug|Any CPU.ActiveCfg = Debug|Any CPU
		{107815E1-AECB-4C44-B438-D7B69F29C6A7}.Debug|Any CPU.Build.0 = Debug|Any CPU
		{107815E1-AECB-4C44-B438-D7B69F29C6A7}.Release|Any CPU.ActiveCfg = Release|Any CPU
		{107815E1-AECB-4C44-B438-D7B69F29C6A7}.Release|Any CPU.Build.0 = Release|Any CPU
		{F892476A-EAF5-414F-97C1-8139BA054B18}.Debug|Any CPU.ActiveCfg = Debug|Any CPU
		{F892476A-EAF5-414F-97C1-8139BA054B18}.Debug|Any CPU.Build.0 = Debug|Any CPU
		{F892476A-EAF5-414F-97C1-8139BA054B18}.Release|Any CPU.ActiveCfg = Release|Any CPU
		{F892476A-EAF5-414F-97C1-8139BA054B18}.Release|Any CPU.Build.0 = Release|Any CPU
		{D2188A94-8661-4407-9B83-A6D5513DF502}.Debug|Any CPU.ActiveCfg = Debug|Any CPU
		{D2188A94-8661-4407-9B83-A6D5513DF502}.Debug|Any CPU.Build.0 = Debug|Any CPU
		{D2188A94-8661-4407-9B83-A6D5513DF502}.Release|Any CPU.ActiveCfg = Release|Any CPU
		{D2188A94-8661-4407-9B83-A6D5513DF502}.Release|Any CPU.Build.0 = Release|Any CPU
	EndGlobalSection
	GlobalSection(SolutionProperties) = preSolution
		HideSolutionNode = FALSE
	EndGlobalSection
	GlobalSection(ExtensibilityGlobals) = postSolution
		SolutionGuid = {04D198B5-EF26-4EE8-84E6-D4BEEE65432C}
	EndGlobalSection
EndGlobal
